
Microsoft Visual Studio Solution File, Format Version 12.00
# Visual Studio Version 16
VisualStudioVersion = 16.0.28705.295
MinimumVisualStudioVersion = 10.0.40219.1
Project("{FAE04EC0-301F-11D3-BF4B-00C04F79EFBC}") = "Abstraccion", "Abstraccion\Abstraccion.csproj", "{0FAC13C0-CF62-4212-ACF2-B201DB13E657}"
EndProject
Global
	GlobalSection(SolutionConfigurationPlatforms) = preSolution
		Debug|Any CPU = Debug|Any CPU
		Release|Any CPU = Release|Any CPU
	EndGlobalSection
	GlobalSection(ProjectConfigurationPlatforms) = postSolution
		{0FAC13C0-CF62-4212-ACF2-B201DB13E657}.Debug|Any CPU.ActiveCfg = Debug|Any CPU
		{0FAC13C0-CF62-4212-ACF2-B201DB13E657}.Debug|Any CPU.Build.0 = Debug|Any CPU
		{0FAC13C0-CF62-4212-ACF2-B201DB13E657}.Release|Any CPU.ActiveCfg = Release|Any CPU
		{0FAC13C0-CF62-4212-ACF2-B201DB13E657}.Release|Any CPU.Build.0 = Release|Any CPU
	EndGlobalSection
	GlobalSection(SolutionProperties) = preSolution
		HideSolutionNode = FALSE
	EndGlobalSection
	GlobalSection(ExtensibilityGlobals) = postSolution
		SolutionGuid = {C33C4272-9349-4597-B867-A3EBA7DC4C0F}
	EndGlobalSection
EndGlobal
